
Microsoft Visual Studio Solution File, Format Version 12.00
Project("{FAE04EC0-301F-11D3-BF4B-00C04F79EFBC}") = "ALMA API", "ALMA API\ALMA API.csproj", "{CF5FD9C3-F64A-43E1-ACF0-14EC614D018C}"
EndProject
Global
	GlobalSection(SolutionConfigurationPlatforms) = preSolution
		Debug|Any CPU = Debug|Any CPU
		Release|Any CPU = Release|Any CPU
	EndGlobalSection
	GlobalSection(ProjectConfigurationPlatforms) = postSolution
		{CF5FD9C3-F64A-43E1-ACF0-14EC614D018C}.Debug|Any CPU.ActiveCfg = Debug|Any CPU
		{CF5FD9C3-F64A-43E1-ACF0-14EC614D018C}.Debug|Any CPU.Build.0 = Debug|Any CPU
		{CF5FD9C3-F64A-43E1-ACF0-14EC614D018C}.Release|Any CPU.ActiveCfg = Release|Any CPU
		{CF5FD9C3-F64A-43E1-ACF0-14EC614D018C}.Release|Any CPU.Build.0 = Release|Any CPU
	EndGlobalSection
EndGlobal
